
Microsoft Visual Studio Solution File, Format Version 12.00
# Visual Studio Version 16
VisualStudioVersion = 16.0.29709.97
MinimumVisualStudioVersion = 10.0.40219.1
Project("{9A19103F-16F7-4668-BE54-9A1E7A4F7556}") = "Desktomaton", "Desktomaton\Desktomaton.csproj", "{B49FD10A-EAC8-4FA1-842E-39489877B29B}"
	ProjectSection(ProjectDependencies) = postProject
		{9198D706-C633-47DB-B7BF-F2CCAD33F648} = {9198D706-C633-47DB-B7BF-F2CCAD33F648}
		{2B9F1718-C9F4-4461-8070-C0DB158F6937} = {2B9F1718-C9F4-4461-8070-C0DB158F6937}
		{534ED7CA-35A6-41E5-95C2-26952C4F5BA5} = {534ED7CA-35A6-41E5-95C2-26952C4F5BA5}
		{996D87CB-26F1-4ADD-9CA1-AE33B938E827} = {996D87CB-26F1-4ADD-9CA1-AE33B938E827}
		{157E73EE-F9FA-44E2-B997-D5E3DDA72065} = {157E73EE-F9FA-44E2-B997-D5E3DDA72065}
		{5BB0C4F2-77CA-4B1F-A7E2-46A8E44F54B0} = {5BB0C4F2-77CA-4B1F-A7E2-46A8E44F54B0}
	EndProjectSection
EndProject
Project("{9A19103F-16F7-4668-BE54-9A1E7A4F7556}") = "Desktomaton.PluginBase", "Desktomaton.PluginBase\Desktomaton.PluginBase.csproj", "{9198D706-C633-47DB-B7BF-F2CCAD33F648}"
EndProject
Project("{2150E333-8FDC-42A3-9474-1A3956D46DE8}") = "Plugins", "Plugins", "{619E386F-1568-4621-A013-B4B9B0012A9C}"
EndProject
Project("{9A19103F-16F7-4668-BE54-9A1E7A4F7556}") = "Desktomaton.Plugins.Slack", "Plugins\Desktomaton.Plugins.Slack\Desktomaton.Plugins.Slack.csproj", "{2B9F1718-C9F4-4461-8070-C0DB158F6937}"
EndProject
Project("{9A19103F-16F7-4668-BE54-9A1E7A4F7556}") = "Desktomaton.Plugins.Outlook", "Plugins\Desktomaton.Plugins.Outlook\Desktomaton.Plugins.Outlook.csproj", "{5BB0C4F2-77CA-4B1F-A7E2-46A8E44F54B0}"
EndProject
Project("{9A19103F-16F7-4668-BE54-9A1E7A4F7556}") = "Desktomaton.PluginManagement", "Desktomaton.PluginManagement\Desktomaton.PluginManagement.csproj", "{AC498FFD-9965-4FAE-B303-BC2828BD5017}"
EndProject
Project("{9A19103F-16F7-4668-BE54-9A1E7A4F7556}") = "Desktomaton.RulesManagement", "Desktomaton.RulesManagement\Desktomaton.RulesManagement.csproj", "{CEC41036-4DA4-4DAF-A528-D5C646EDF6A5}"
EndProject
Project("{9A19103F-16F7-4668-BE54-9A1E7A4F7556}") = "Desktomaton.Plugins.Time", "Plugins\Desktomaton.Plugins.Time\Desktomaton.Plugins.Time.csproj", "{996D87CB-26F1-4ADD-9CA1-AE33B938E827}"
EndProject
Project("{9A19103F-16F7-4668-BE54-9A1E7A4F7556}") = "Desktomaton.Plugins.Chime", "Plugins\Desktomaton.Plugins.Chime\Desktomaton.Plugins.Chime.csproj", "{157E73EE-F9FA-44E2-B997-D5E3DDA72065}"
EndProject
Project("{FAE04EC0-301F-11D3-BF4B-00C04F79EFBC}") = "Desktomaton.Plugins.Notification", "Plugins\Desktomaton.Plugins.Notification\Desktomaton.Plugins.Notification.csproj", "{534ED7CA-35A6-41E5-95C2-26952C4F5BA5}"
EndProject
Global
	GlobalSection(SolutionConfigurationPlatforms) = preSolution
		Debug|Any CPU = Debug|Any CPU
		Release|Any CPU = Release|Any CPU
	EndGlobalSection
	GlobalSection(ProjectConfigurationPlatforms) = postSolution
		{B49FD10A-EAC8-4FA1-842E-39489877B29B}.Debug|Any CPU.ActiveCfg = Debug|Any CPU
		{B49FD10A-EAC8-4FA1-842E-39489877B29B}.Debug|Any CPU.Build.0 = Debug|Any CPU
		{B49FD10A-EAC8-4FA1-842E-39489877B29B}.Release|Any CPU.ActiveCfg = Release|Any CPU
		{B49FD10A-EAC8-4FA1-842E-39489877B29B}.Release|Any CPU.Build.0 = Release|Any CPU
		{9198D706-C633-47DB-B7BF-F2CCAD33F648}.Debug|Any CPU.ActiveCfg = Debug|Any CPU
		{9198D706-C633-47DB-B7BF-F2CCAD33F648}.Debug|Any CPU.Build.0 = Debug|Any CPU
		{9198D706-C633-47DB-B7BF-F2CCAD33F648}.Release|Any CPU.ActiveCfg = Release|Any CPU
		{9198D706-C633-47DB-B7BF-F2CCAD33F648}.Release|Any CPU.Build.0 = Release|Any CPU
		{2B9F1718-C9F4-4461-8070-C0DB158F6937}.Debug|Any CPU.ActiveCfg = Debug|Any CPU
		{2B9F1718-C9F4-4461-8070-C0DB158F6937}.Debug|Any CPU.Build.0 = Debug|Any CPU
		{2B9F1718-C9F4-4461-8070-C0DB158F6937}.Release|Any CPU.ActiveCfg = Release|Any CPU
		{2B9F1718-C9F4-4461-8070-C0DB158F6937}.Release|Any CPU.Build.0 = Release|Any CPU
		{5BB0C4F2-77CA-4B1F-A7E2-46A8E44F54B0}.Debug|Any CPU.ActiveCfg = Debug|Any CPU
		{5BB0C4F2-77CA-4B1F-A7E2-46A8E44F54B0}.Debug|Any CPU.Build.0 = Debug|Any CPU
		{5BB0C4F2-77CA-4B1F-A7E2-46A8E44F54B0}.Release|Any CPU.ActiveCfg = Release|Any CPU
		{5BB0C4F2-77CA-4B1F-A7E2-46A8E44F54B0}.Release|Any CPU.Build.0 = Release|Any CPU
		{AC498FFD-9965-4FAE-B303-BC2828BD5017}.Debug|Any CPU.ActiveCfg = Debug|Any CPU
		{AC498FFD-9965-4FAE-B303-BC2828BD5017}.Debug|Any CPU.Build.0 = Debug|Any CPU
		{AC498FFD-9965-4FAE-B303-BC2828BD5017}.Release|Any CPU.ActiveCfg = Release|Any CPU
		{AC498FFD-9965-4FAE-B303-BC2828BD5017}.Release|Any CPU.Build.0 = Release|Any CPU
		{CEC41036-4DA4-4DAF-A528-D5C646EDF6A5}.Debug|Any CPU.ActiveCfg = Debug|Any CPU
		{CEC41036-4DA4-4DAF-A528-D5C646EDF6A5}.Debug|Any CPU.Build.0 = Debug|Any CPU
		{CEC41036-4DA4-4DAF-A528-D5C646EDF6A5}.Release|Any CPU.ActiveCfg = Release|Any CPU
		{CEC41036-4DA4-4DAF-A528-D5C646EDF6A5}.Release|Any CPU.Build.0 = Release|Any CPU
		{996D87CB-26F1-4ADD-9CA1-AE33B938E827}.Debug|Any CPU.ActiveCfg = Debug|Any CPU
		{996D87CB-26F1-4ADD-9CA1-AE33B938E827}.Debug|Any CPU.Build.0 = Debug|Any CPU
		{996D87CB-26F1-4ADD-9CA1-AE33B938E827}.Release|Any CPU.ActiveCfg = Release|Any CPU
		{996D87CB-26F1-4ADD-9CA1-AE33B938E827}.Release|Any CPU.Build.0 = Release|Any CPU
		{157E73EE-F9FA-44E2-B997-D5E3DDA72065}.Debug|Any CPU.ActiveCfg = Debug|Any CPU
		{157E73EE-F9FA-44E2-B997-D5E3DDA72065}.Debug|Any CPU.Build.0 = Debug|Any CPU
		{157E73EE-F9FA-44E2-B997-D5E3DDA72065}.Release|Any CPU.ActiveCfg = Release|Any CPU
		{157E73EE-F9FA-44E2-B997-D5E3DDA72065}.Release|Any CPU.Build.0 = Release|Any CPU
		{534ED7CA-35A6-41E5-95C2-26952C4F5BA5}.Debug|Any CPU.ActiveCfg = Debug|Any CPU
		{534ED7CA-35A6-41E5-95C2-26952C4F5BA5}.Debug|Any CPU.Build.0 = Debug|Any CPU
		{534ED7CA-35A6-41E5-95C2-26952C4F5BA5}.Release|Any CPU.ActiveCfg = Release|Any CPU
		{534ED7CA-35A6-41E5-95C2-26952C4F5BA5}.Release|Any CPU.Build.0 = Release|Any CPU
	EndGlobalSection
	GlobalSection(SolutionProperties) = preSolution
		HideSolutionNode = FALSE
	EndGlobalSection
	GlobalSection(NestedProjects) = preSolution
		{2B9F1718-C9F4-4461-8070-C0DB158F6937} = {619E386F-1568-4621-A013-B4B9B0012A9C}
		{5BB0C4F2-77CA-4B1F-A7E2-46A8E44F54B0} = {619E386F-1568-4621-A013-B4B9B0012A9C}
		{996D87CB-26F1-4ADD-9CA1-AE33B938E827} = {619E386F-1568-4621-A013-B4B9B0012A9C}
		{157E73EE-F9FA-44E2-B997-D5E3DDA72065} = {619E386F-1568-4621-A013-B4B9B0012A9C}
		{534ED7CA-35A6-41E5-95C2-26952C4F5BA5} = {619E386F-1568-4621-A013-B4B9B0012A9C}
	EndGlobalSection
	GlobalSection(ExtensibilityGlobals) = postSolution
		SolutionGuid = {E202A055-12F3-4374-82AC-16758D7414CF}
	EndGlobalSection
EndGlobal
